// !$*UTF8*$!
{
	archiveVersion = 1;
	classes = {
	};
	objectVersion = 50;
	objects = {

/* Begin PBXBuildFile section */
		76AF6C7623196AE6006C76D4 /* GlobantEmployeeProtocolsAndEnums.swift in Sources */ = {isa = PBXBuildFile; fileRef = 76AF6C7523196AE6006C76D4 /* GlobantEmployeeProtocolsAndEnums.swift */; };
		76D238E223181B660064CCF7 /* AppDelegate.swift in Sources */ = {isa = PBXBuildFile; fileRef = 76D238E123181B660064CCF7 /* AppDelegate.swift */; };
		76D238E423181B660064CCF7 /* GlobantEmployee.swift in Sources */ = {isa = PBXBuildFile; fileRef = 76D238E323181B660064CCF7 /* GlobantEmployee.swift */; };
		76D238E723181B660064CCF7 /* Main.storyboard in Resources */ = {isa = PBXBuildFile; fileRef = 76D238E523181B660064CCF7 /* Main.storyboard */; };
		76D238E923181B670064CCF7 /* Assets.xcassets in Resources */ = {isa = PBXBuildFile; fileRef = 76D238E823181B670064CCF7 /* Assets.xcassets */; };
		76D238EC23181B670064CCF7 /* LaunchScreen.storyboard in Resources */ = {isa = PBXBuildFile; fileRef = 76D238EA23181B670064CCF7 /* LaunchScreen.storyboard */; };
		76D238F723181B670064CCF7 /* MyAppTests.swift in Sources */ = {isa = PBXBuildFile; fileRef = 76D238F623181B670064CCF7 /* MyAppTests.swift */; };
		76D2390223181B680064CCF7 /* MyAppUITests.swift in Sources */ = {isa = PBXBuildFile; fileRef = 76D2390123181B680064CCF7 /* MyAppUITests.swift */; };
/* End PBXBuildFile section */

/* Begin PBXContainerItemProxy section */
		76D238F323181B670064CCF7 /* PBXContainerItemProxy */ = {
			isa = PBXContainerItemProxy;
			containerPortal = 76D238D623181B660064CCF7 /* Project object */;
			proxyType = 1;
			remoteGlobalIDString = 76D238DD23181B660064CCF7;
			remoteInfo = MyApp;
		};
		76D238FE23181B680064CCF7 /* PBXContainerItemProxy */ = {
			isa = PBXContainerItemProxy;
			containerPortal = 76D238D623181B660064CCF7 /* Project object */;
			proxyType = 1;
			remoteGlobalIDString = 76D238DD23181B660064CCF7;
			remoteInfo = MyApp;
		};
/* End PBXContainerItemProxy section */

/* Begin PBXFileReference section */
		76AF6C7523196AE6006C76D4 /* GlobantEmployeeProtocolsAndEnums.swift */ = {isa = PBXFileReference; lastKnownFileType = sourcecode.swift; path = GlobantEmployeeProtocolsAndEnums.swift; sourceTree = "<group>"; };
		76D238DE23181B660064CCF7 /* MyApp.app */ = {isa = PBXFileReference; explicitFileType = wrapper.application; includeInIndex = 0; path = MyApp.app; sourceTree = BUILT_PRODUCTS_DIR; };
		76D238E123181B660064CCF7 /* AppDelegate.swift */ = {isa = PBXFileReference; lastKnownFileType = sourcecode.swift; path = AppDelegate.swift; sourceTree = "<group>"; };
		76D238E323181B660064CCF7 /* GlobantEmployee.swift */ = {isa = PBXFileReference; lastKnownFileType = sourcecode.swift; path = GlobantEmployee.swift; sourceTree = "<group>"; };
		76D238E623181B660064CCF7 /* Base */ = {isa = PBXFileReference; lastKnownFileType = file.storyboard; name = Base; path = Base.lproj/Main.storyboard; sourceTree = "<group>"; };
		76D238E823181B670064CCF7 /* Assets.xcassets */ = {isa = PBXFileReference; lastKnownFileType = folder.assetcatalog; path = Assets.xcassets; sourceTree = "<group>"; };
		76D238EB23181B670064CCF7 /* Base */ = {isa = PBXFileReference; lastKnownFileType = file.storyboard; name = Base; path = Base.lproj/LaunchScreen.storyboard; sourceTree = "<group>"; };
		76D238ED23181B670064CCF7 /* Info.plist */ = {isa = PBXFileReference; lastKnownFileType = text.plist.xml; path = Info.plist; sourceTree = "<group>"; };
		76D238F223181B670064CCF7 /* MyAppTests.xctest */ = {isa = PBXFileReference; explicitFileType = wrapper.cfbundle; includeInIndex = 0; path = MyAppTests.xctest; sourceTree = BUILT_PRODUCTS_DIR; };
		76D238F623181B670064CCF7 /* MyAppTests.swift */ = {isa = PBXFileReference; lastKnownFileType = sourcecode.swift; path = MyAppTests.swift; sourceTree = "<group>"; };
		76D238F823181B670064CCF7 /* Info.plist */ = {isa = PBXFileReference; lastKnownFileType = text.plist.xml; path = Info.plist; sourceTree = "<group>"; };
		76D238FD23181B680064CCF7 /* MyAppUITests.xctest */ = {isa = PBXFileReference; explicitFileType = wrapper.cfbundle; includeInIndex = 0; path = MyAppUITests.xctest; sourceTree = BUILT_PRODUCTS_DIR; };
		76D2390123181B680064CCF7 /* MyAppUITests.swift */ = {isa = PBXFileReference; lastKnownFileType = sourcecode.swift; path = MyAppUITests.swift; sourceTree = "<group>"; };
		76D2390323181B680064CCF7 /* Info.plist */ = {isa = PBXFileReference; lastKnownFileType = text.plist.xml; path = Info.plist; sourceTree = "<group>"; };
/* End PBXFileReference section */

/* Begin PBXFrameworksBuildPhase section */
		76D238DB23181B660064CCF7 /* Frameworks */ = {
			isa = PBXFrameworksBuildPhase;
			buildActionMask = 2147483647;
			files = (
			);
			runOnlyForDeploymentPostprocessing = 0;
		};
		76D238EF23181B670064CCF7 /* Frameworks */ = {
			isa = PBXFrameworksBuildPhase;
			buildActionMask = 2147483647;
			files = (
			);
			runOnlyForDeploymentPostprocessing = 0;
		};
		76D238FA23181B680064CCF7 /* Frameworks */ = {
			isa = PBXFrameworksBuildPhase;
			buildActionMask = 2147483647;
			files = (
			);
			runOnlyForDeploymentPostprocessing = 0;
		};
/* End PBXFrameworksBuildPhase section */

/* Begin PBXGroup section */
		76D238D523181B660064CCF7 = {
			isa = PBXGroup;
			children = (
				76D238E023181B660064CCF7 /* MyApp */,
				76D238F523181B670064CCF7 /* MyAppTests */,
				76D2390023181B680064CCF7 /* MyAppUITests */,
				76D238DF23181B660064CCF7 /* Products */,
			);
			sourceTree = "<group>";
		};
		76D238DF23181B660064CCF7 /* Products */ = {
			isa = PBXGroup;
			children = (
				76D238DE23181B660064CCF7 /* MyApp.app */,
				76D238F223181B670064CCF7 /* MyAppTests.xctest */,
				76D238FD23181B680064CCF7 /* MyAppUITests.xctest */,
			);
			name = Products;
			sourceTree = "<group>";
		};
		76D238E023181B660064CCF7 /* MyApp */ = {
			isa = PBXGroup;
			children = (
				76D238E123181B660064CCF7 /* AppDelegate.swift */,
				76D238E323181B660064CCF7 /* GlobantEmployee.swift */,
				76AF6C7523196AE6006C76D4 /* GlobantEmployeeProtocolsAndEnums.swift */,
				76D238E523181B660064CCF7 /* Main.storyboard */,
				76D238E823181B670064CCF7 /* Assets.xcassets */,
				76D238EA23181B670064CCF7 /* LaunchScreen.storyboard */,
				76D238ED23181B670064CCF7 /* Info.plist */,
			);
			path = MyApp;
			sourceTree = "<group>";
		};
		76D238F523181B670064CCF7 /* MyAppTests */ = {
			isa = PBXGroup;
			children = (
				76D238F623181B670064CCF7 /* MyAppTests.swift */,
				76D238F823181B670064CCF7 /* Info.plist */,
			);
			path = MyAppTests;
			sourceTree = "<group>";
		};
		76D2390023181B680064CCF7 /* MyAppUITests */ = {
			isa = PBXGroup;
			children = (
				76D2390123181B680064CCF7 /* MyAppUITests.swift */,
				76D2390323181B680064CCF7 /* Info.plist */,
			);
			path = MyAppUITests;
			sourceTree = "<group>";
		};
/* End PBXGroup section */

/* Begin PBXNativeTarget section */
		76D238DD23181B660064CCF7 /* MyApp */ = {
			isa = PBXNativeTarget;
			buildConfigurationList = 76D2390623181B680064CCF7 /* Build configuration list for PBXNativeTarget "MyApp" */;
			buildPhases = (
				76D238DA23181B660064CCF7 /* Sources */,
				76D238DB23181B660064CCF7 /* Frameworks */,
				76D238DC23181B660064CCF7 /* Resources */,
			);
			buildRules = (
			);
			dependencies = (
			);
			name = MyApp;
			productName = MyApp;
			productReference = 76D238DE23181B660064CCF7 /* MyApp.app */;
			productType = "com.apple.product-type.application";
		};
		76D238F123181B670064CCF7 /* MyAppTests */ = {
			isa = PBXNativeTarget;
			buildConfigurationList = 76D2390923181B680064CCF7 /* Build configuration list for PBXNativeTarget "MyAppTests" */;
			buildPhases = (
				76D238EE23181B670064CCF7 /* Sources */,
				76D238EF23181B670064CCF7 /* Frameworks */,
				76D238F023181B670064CCF7 /* Resources */,
			);
			buildRules = (
			);
			dependencies = (
				76D238F423181B670064CCF7 /* PBXTargetDependency */,
			);
			name = MyAppTests;
			productName = MyAppTests;
			productReference = 76D238F223181B670064CCF7 /* MyAppTests.xctest */;
			productType = "com.apple.product-type.bundle.unit-test";
		};
		76D238FC23181B680064CCF7 /* MyAppUITests */ = {
			isa = PBXNativeTarget;
			buildConfigurationList = 76D2390C23181B680064CCF7 /* Build configuration list for PBXNativeTarget "MyAppUITests" */;
			buildPhases = (
				76D238F923181B680064CCF7 /* Sources */,
				76D238FA23181B680064CCF7 /* Frameworks */,
				76D238FB23181B680064CCF7 /* Resources */,
			);
			buildRules = (
			);
			dependencies = (
				76D238FF23181B680064CCF7 /* PBXTargetDependency */,
			);
			name = MyAppUITests;
			productName = MyAppUITests;
			productReference = 76D238FD23181B680064CCF7 /* MyAppUITests.xctest */;
			productType = "com.apple.product-type.bundle.ui-testing";
		};
/* End PBXNativeTarget section */

/* Begin PBXProject section */
		76D238D623181B660064CCF7 /* Project object */ = {
			isa = PBXProject;
			attributes = {
				LastSwiftUpdateCheck = 1020;
				LastUpgradeCheck = 1020;
				ORGANIZATIONNAME = "David Andres Mejia Lopez";
				TargetAttributes = {
					76D238DD23181B660064CCF7 = {
						CreatedOnToolsVersion = 10.2;
					};
					76D238F123181B670064CCF7 = {
						CreatedOnToolsVersion = 10.2;
						TestTargetID = 76D238DD23181B660064CCF7;
					};
					76D238FC23181B680064CCF7 = {
						CreatedOnToolsVersion = 10.2;
						TestTargetID = 76D238DD23181B660064CCF7;
					};
				};
			};
			buildConfigurationList = 76D238D923181B660064CCF7 /* Build configuration list for PBXProject "MyApp" */;
			compatibilityVersion = "Xcode 9.3";
			developmentRegion = en;
			hasScannedForEncodings = 0;
			knownRegions = (
				en,
				Base,
			);
			mainGroup = 76D238D523181B660064CCF7;
			productRefGroup = 76D238DF23181B660064CCF7 /* Products */;
			projectDirPath = "";
			projectRoot = "";
			targets = (
				76D238DD23181B660064CCF7 /* MyApp */,
				76D238F123181B670064CCF7 /* MyAppTests */,
				76D238FC23181B680064CCF7 /* MyAppUITests */,
			);
		};
/* End PBXProject section */

/* Begin PBXResourcesBuildPhase section */
		76D238DC23181B660064CCF7 /* Resources */ = {
			isa = PBXResourcesBuildPhase;
			buildActionMask = 2147483647;
			files = (
				76D238EC23181B670064CCF7 /* LaunchScreen.storyboard in Resources */,
				76D238E923181B670064CCF7 /* Assets.xcassets in Resources */,
				76D238E723181B660064CCF7 /* Main.storyboard in Resources */,
			);
			runOnlyForDeploymentPostprocessing = 0;
		};
		76D238F023181B670064CCF7 /* Resources */ = {
			isa = PBXResourcesBuildPhase;
			buildActionMask = 2147483647;
			files = (
			);
			runOnlyForDeploymentPostprocessing = 0;
		};
		76D238FB23181B680064CCF7 /* Resources */ = {
			isa = PBXResourcesBuildPhase;
			buildActionMask = 2147483647;
			files = (
			);
			runOnlyForDeploymentPostprocessing = 0;
		};
/* End PBXResourcesBuildPhase section */

/* Begin PBXSourcesBuildPhase section */
		76D238DA23181B660064CCF7 /* Sources */ = {
			isa = PBXSourcesBuildPhase;
			buildActionMask = 2147483647;
			files = (
				76AF6C7623196AE6006C76D4 /* GlobantEmployeeProtocolsAndEnums.swift in Sources */,
				76D238E423181B660064CCF7 /* GlobantEmployee.swift in Sources */,
				76D238E223181B660064CCF7 /* AppDelegate.swift in Sources */,
			);
			runOnlyForDeploymentPostprocessing = 0;
		};
		76D238EE23181B670064CCF7 /* Sources */ = {
			isa = PBXSourcesBuildPhase;
			buildActionMask = 2147483647;
			files = (
				76D238F723181B670064CCF7 /* MyAppTests.swift in Sources */,
			);
			runOnlyForDeploymentPostprocessing = 0;
		};
		76D238F923181B680064CCF7 /* Sources */ = {
			isa = PBXSourcesBuildPhase;
			buildActionMask = 2147483647;
			files = (
				76D2390223181B680064CCF7 /* MyAppUITests.swift in Sources */,
			);
			runOnlyForDeploymentPostprocessing = 0;
		};
/* End PBXSourcesBuildPhase section */

/* Begin PBXTargetDependency section */
		76D238F423181B670064CCF7 /* PBXTargetDependency */ = {
			isa = PBXTargetDependency;
			target = 76D238DD23181B660064CCF7 /* MyApp */;
			targetProxy = 76D238F323181B670064CCF7 /* PBXContainerItemProxy */;
		};
		76D238FF23181B680064CCF7 /* PBXTargetDependency */ = {
			isa = PBXTargetDependency;
			target = 76D238DD23181B660064CCF7 /* MyApp */;
			targetProxy = 76D238FE23181B680064CCF7 /* PBXContainerItemProxy */;
		};
/* End PBXTargetDependency section */

/* Begin PBXVariantGroup section */
		76D238E523181B660064CCF7 /* Main.storyboard */ = {
			isa = PBXVariantGroup;
			children = (
				76D238E623181B660064CCF7 /* Base */,
			);
			name = Main.storyboard;
			sourceTree = "<group>";
		};
		76D238EA23181B670064CCF7 /* LaunchScreen.storyboard */ = {
			isa = PBXVariantGroup;
			children = (
				76D238EB23181B670064CCF7 /* Base */,
			);
			name = LaunchScreen.storyboard;
			sourceTree = "<group>";
		};
/* End PBXVariantGroup section */

/* Begin XCBuildConfiguration section */
		76D2390423181B680064CCF7 /* Debug */ = {
			isa = XCBuildConfiguration;
			buildSettings = {
				ALWAYS_SEARCH_USER_PATHS = NO;
				CLANG_ANALYZER_NONNULL = YES;
				CLANG_ANALYZER_NUMBER_OBJECT_CONVERSION = YES_AGGRESSIVE;
				CLANG_CXX_LANGUAGE_STANDARD = "gnu++14";
				CLANG_CXX_LIBRARY = "libc++";
				CLANG_ENABLE_MODULES = YES;
				CLANG_ENABLE_OBJC_ARC = YES;
				CLANG_ENABLE_OBJC_WEAK = YES;
				CLANG_WARN_BLOCK_CAPTURE_AUTORELEASING = YES;
				CLANG_WARN_BOOL_CONVERSION = YES;
				CLANG_WARN_COMMA = YES;
				CLANG_WARN_CONSTANT_CONVERSION = YES;
				CLANG_WARN_DEPRECATED_OBJC_IMPLEMENTATIONS = YES;
				CLANG_WARN_DIRECT_OBJC_ISA_USAGE = YES_ERROR;
				CLANG_WARN_DOCUMENTATION_COMMENTS = YES;
				CLANG_WARN_EMPTY_BODY = YES;
				CLANG_WARN_ENUM_CONVERSION = YES;
				CLANG_WARN_INFINITE_RECURSION = YES;
				CLANG_WARN_INT_CONVERSION = YES;
				CLANG_WARN_NON_LITERAL_NULL_CONVERSION = YES;
				CLANG_WARN_OBJC_IMPLICIT_RETAIN_SELF = YES;
				CLANG_WARN_OBJC_LITERAL_CONVERSION = YES;
				CLANG_WARN_OBJC_ROOT_CLASS = YES_ERROR;
				CLANG_WARN_RANGE_LOOP_ANALYSIS = YES;
				CLANG_WARN_STRICT_PROTOTYPES = YES;
				CLANG_WARN_SUSPICIOUS_MOVE = YES;
				CLANG_WARN_UNGUARDED_AVAILABILITY = YES_AGGRESSIVE;
				CLANG_WARN_UNREACHABLE_CODE = YES;
				CLANG_WARN__DUPLICATE_METHOD_MATCH = YES;
				CODE_SIGN_IDENTITY = "iPhone Developer";
				COPY_PHASE_STRIP = NO;
				DEBUG_INFORMATION_FORMAT = dwarf;
				ENABLE_STRICT_OBJC_MSGSEND = YES;
				ENABLE_TESTABILITY = YES;
				GCC_C_LANGUAGE_STANDARD = gnu11;
				GCC_DYNAMIC_NO_PIC = NO;
				GCC_NO_COMMON_BLOCKS = YES;
				GCC_OPTIMIZATION_LEVEL = 0;
				GCC_PREPROCESSOR_DEFINITIONS = (
					"DEBUG=1",
					"$(inherited)",
				);
				GCC_WARN_64_TO_32_BIT_CONVERSION = YES;
				GCC_WARN_ABOUT_RETURN_TYPE = YES_ERROR;
				GCC_WARN_UNDECLARED_SELECTOR = YES;
				GCC_WARN_UNINITIALIZED_AUTOS = YES_AGGRESSIVE;
				GCC_WARN_UNUSED_FUNCTION = YES;
				GCC_WARN_UNUSED_VARIABLE = YES;
				IPHONEOS_DEPLOYMENT_TARGET = 12.2;
				MTL_ENABLE_DEBUG_INFO = INCLUDE_SOURCE;
				MTL_FAST_MATH = YES;
				ONLY_ACTIVE_ARCH = YES;
				SDKROOT = iphoneos;
				SWIFT_ACTIVE_COMPILATION_CONDITIONS = DEBUG;
				SWIFT_OPTIMIZATION_LEVEL = "-Onone";
			};
			name = Debug;
		};
		76D2390523181B680064CCF7 /* Release */ = {
			isa = XCBuildConfiguration;
			buildSettings = {
				ALWAYS_SEARCH_USER_PATHS = NO;
				CLANG_ANALYZER_NONNULL = YES;
				CLANG_ANALYZER_NUMBER_OBJECT_CONVERSION = YES_AGGRESSIVE;
				CLANG_CXX_LANGUAGE_STANDARD = "gnu++14";
				CLANG_CXX_LIBRARY = "libc++";
				CLANG_ENABLE_MODULES = YES;
				CLANG_ENABLE_OBJC_ARC = YES;
				CLANG_ENABLE_OBJC_WEAK = YES;
				CLANG_WARN_BLOCK_CAPTURE_AUTORELEASING = YES;
				CLANG_WARN_BOOL_CONVERSION = YES;
				CLANG_WARN_COMMA = YES;
				CLANG_WARN_CONSTANT_CONVERSION = YES;
				CLANG_WARN_DEPRECATED_OBJC_IMPLEMENTATIONS = YES;
				CLANG_WARN_DIRECT_OBJC_ISA_USAGE = YES_ERROR;
				CLANG_WARN_DOCUMENTATION_COMMENTS = YES;
				CLANG_WARN_EMPTY_BODY = YES;
				CLANG_WARN_ENUM_CONVERSION = YES;
				CLANG_WARN_INFINITE_RECURSION = YES;
				CLANG_WARN_INT_CONVERSION = YES;
				CLANG_WARN_NON_LITERAL_NULL_CONVERSION = YES;
				CLANG_WARN_OBJC_IMPLICIT_RETAIN_SELF = YES;
				CLANG_WARN_OBJC_LITERAL_CONVERSION = YES;
				CLANG_WARN_OBJC_ROOT_CLASS = YES_ERROR;
				CLANG_WARN_RANGE_LOOP_ANALYSIS = YES;
				CLANG_WARN_STRICT_PROTOTYPES = YES;
				CLANG_WARN_SUSPICIOUS_MOVE = YES;
				CLANG_WARN_UNGUARDED_AVAILABILITY = YES_AGGRESSIVE;
				CLANG_WARN_UNREACHABLE_CODE = YES;
				CLANG_WARN__DUPLICATE_METHOD_MATCH = YES;
				CODE_SIGN_IDENTITY = "iPhone Developer";
				COPY_PHASE_STRIP = NO;
				DEBUG_INFORMATION_FORMAT = "dwarf-with-dsym";
				ENABLE_NS_ASSERTIONS = NO;
				ENABLE_STRICT_OBJC_MSGSEND = YES;
				GCC_C_LANGUAGE_STANDARD = gnu11;
				GCC_NO_COMMON_BLOCKS = YES;
				GCC_WARN_64_TO_32_BIT_CONVERSION = YES;
				GCC_WARN_ABOUT_RETURN_TYPE = YES_ERROR;
				GCC_WARN_UNDECLARED_SELECTOR = YES;
				GCC_WARN_UNINITIALIZED_AUTOS = YES_AGGRESSIVE;
				GCC_WARN_UNUSED_FUNCTION = YES;
				GCC_WARN_UNUSED_VARIABLE = YES;
				IPHONEOS_DEPLOYMENT_TARGET = 12.2;
				MTL_ENABLE_DEBUG_INFO = NO;
				MTL_FAST_MATH = YES;
				SDKROOT = iphoneos;
				SWIFT_COMPILATION_MODE = wholemodule;
				SWIFT_OPTIMIZATION_LEVEL = "-O";
				VALIDATE_PRODUCT = YES;
			};
			name = Release;
		};
		76D2390723181B680064CCF7 /* Debug */ = {
			isa = XCBuildConfiguration;
			buildSettings = {
				ASSETCATALOG_COMPILER_APPICON_NAME = AppIcon;
				CODE_SIGN_STYLE = Automatic;
				INFOPLIST_FILE = MyApp/Info.plist;
				LD_RUNPATH_SEARCH_PATHS = (
					"$(inherited)",
					"@executable_path/Frameworks",
				);
				PRODUCT_BUNDLE_IDENTIFIER = globant.MyApp;
				PRODUCT_NAME = "$(TARGET_NAME)";
				SWIFT_VERSION = 5.0;
				TARGETED_DEVICE_FAMILY = "1,2";
			};
			name = Debug;
		};
		76D2390823181B680064CCF7 /* Release */ = {
			isa = XCBuildConfiguration;
			buildSettings = {
				ASSETCATALOG_COMPILER_APPICON_NAME = AppIcon;
				CODE_SIGN_STYLE = Automatic;
				INFOPLIST_FILE = MyApp/Info.plist;
				LD_RUNPATH_SEARCH_PATHS = (
					"$(inherited)",
					"@executable_path/Frameworks",
				);
				PRODUCT_BUNDLE_IDENTIFIER = globant.MyApp;
				PRODUCT_NAME = "$(TARGET_NAME)";
				SWIFT_VERSION = 5.0;
				TARGETED_DEVICE_FAMILY = "1,2";
			};
			name = Release;
		};
		76D2390A23181B680064CCF7 /* Debug */ = {
			isa = XCBuildConfiguration;
			buildSettings = {
				ALWAYS_EMBED_SWIFT_STANDARD_LIBRARIES = YES;
				BUNDLE_LOADER = "$(TEST_HOST)";
				CODE_SIGN_STYLE = Automatic;
				INFOPLIST_FILE = MyAppTests/Info.plist;
				LD_RUNPATH_SEARCH_PATHS = (
					"$(inherited)",
					"@executable_path/Frameworks",
					"@loader_path/Frameworks",
				);
				PRODUCT_BUNDLE_IDENTIFIER = globant.MyAppTests;
				PRODUCT_NAME = "$(TARGET_NAME)";
				SWIFT_VERSION = 5.0;
				TARGETED_DEVICE_FAMILY = "1,2";
				TEST_HOST = "$(BUILT_PRODUCTS_DIR)/MyApp.app/MyApp";
			};
			name = Debug;
		};
		76D2390B23181B680064CCF7 /* Release */ = {
			isa = XCBuildConfiguration;
			buildSettings = {
				ALWAYS_EMBED_SWIFT_STANDARD_LIBRARIES = YES;
				BUNDLE_LOADER = "$(TEST_HOST)";
				CODE_SIGN_STYLE = Automatic;
				INFOPLIST_FILE = MyAppTests/Info.plist;
				LD_RUNPATH_SEARCH_PATHS = (
					"$(inherited)",
					"@executable_path/Frameworks",
					"@loader_path/Frameworks",
				);
				PRODUCT_BUNDLE_IDENTIFIER = globant.MyAppTests;
				PRODUCT_NAME = "$(TARGET_NAME)";
				SWIFT_VERSION = 5.0;
				TARGETED_DEVICE_FAMILY = "1,2";
				TEST_HOST = "$(BUILT_PRODUCTS_DIR)/MyApp.app/MyApp";
			};
			name = Release;
		};
		76D2390D23181B680064CCF7 /* Debug */ = {
			isa = XCBuildConfiguration;
			buildSettings = {
				ALWAYS_EMBED_SWIFT_STANDARD_LIBRARIES = YES;
				CODE_SIGN_STYLE = Automatic;
				INFOPLIST_FILE = MyAppUITests/Info.plist;
				LD_RUNPATH_SEARCH_PATHS = (
					"$(inherited)",
					"@executable_path/Frameworks",
					"@loader_path/Frameworks",
				);
				PRODUCT_BUNDLE_IDENTIFIER = globant.MyAppUITests;
				PRODUCT_NAME = "$(TARGET_NAME)";
				SWIFT_VERSION = 5.0;
				TARGETED_DEVICE_FAMILY = "1,2";
				TEST_TARGET_NAME = MyApp;
			};
			name = Debug;
		};
		76D2390E23181B680064CCF7 /* Release */ = {
			isa = XCBuildConfiguration;
			buildSettings = {
				ALWAYS_EMBED_SWIFT_STANDARD_LIBRARIES = YES;
				CODE_SIGN_STYLE = Automatic;
				INFOPLIST_FILE = MyAppUITests/Info.plist;
				LD_RUNPATH_SEARCH_PATHS = (
					"$(inherited)",
					"@executable_path/Frameworks",
					"@loader_path/Frameworks",
				);
				PRODUCT_BUNDLE_IDENTIFIER = globant.MyAppUITests;
				PRODUCT_NAME = "$(TARGET_NAME)";
				SWIFT_VERSION = 5.0;
				TARGETED_DEVICE_FAMILY = "1,2";
				TEST_TARGET_NAME = MyApp;
			};
			name = Release;
		};
/* End XCBuildConfiguration section */

/* Begin XCConfigurationList section */
		76D238D923181B660064CCF7 /* Build configuration list for PBXProject "MyApp" */ = {
			isa = XCConfigurationList;
			buildConfigurations = (
				76D2390423181B680064CCF7 /* Debug */,
				76D2390523181B680064CCF7 /* Release */,
			);
			defaultConfigurationIsVisible = 0;
			defaultConfigurationName = Release;
		};
		76D2390623181B680064CCF7 /* Build configuration list for PBXNativeTarget "MyApp" */ = {
			isa = XCConfigurationList;
			buildConfigurations = (
				76D2390723181B680064CCF7 /* Debug */,
				76D2390823181B680064CCF7 /* Release */,
			);
			defaultConfigurationIsVisible = 0;
			defaultConfigurationName = Release;
		};
		76D2390923181B680064CCF7 /* Build configuration list for PBXNativeTarget "MyAppTests" */ = {
			isa = XCConfigurationList;
			buildConfigurations = (
				76D2390A23181B680064CCF7 /* Debug */,
				76D2390B23181B680064CCF7 /* Release */,
			);
			defaultConfigurationIsVisible = 0;
			defaultConfigurationName = Release;
		};
		76D2390C23181B680064CCF7 /* Build configuration list for PBXNativeTarget "MyAppUITests" */ = {
			isa = XCConfigurationList;
			buildConfigurations = (
				76D2390D23181B680064CCF7 /* Debug */,
				76D2390E23181B680064CCF7 /* Release */,
			);
			defaultConfigurationIsVisible = 0;
			defaultConfigurationName = Release;
		};
/* End XCConfigurationList section */
	};
	rootObject = 76D238D623181B660064CCF7 /* Project object */;
}
